
Microsoft Visual Studio Solution File, Format Version 12.00
# Visual Studio 15
VisualStudioVersion = 15.0.28307.168
MinimumVisualStudioVersion = 10.0.40219.1
Project("{FAE04EC0-301F-11D3-BF4B-00C04F79EFBC}") = "Apophenia", "Apophenia\Apophenia.csproj", "{CAF1E1C4-8656-48F3-B1B9-4AC9457369CB}"
EndProject
Project("{FAE04EC0-301F-11D3-BF4B-00C04F79EFBC}") = "ApopheniaScraper", "ApopheniaScraper\ApopheniaScraper.csproj", "{7B7E98F8-B0D6-46FE-B6C8-7788638FD9AC}"
EndProject
Global
	GlobalSection(SolutionConfigurationPlatforms) = preSolution
		Debug|Any CPU = Debug|Any CPU
		Release|Any CPU = Release|Any CPU
	EndGlobalSection
	GlobalSection(ProjectConfigurationPlatforms) = postSolution
		{CAF1E1C4-8656-48F3-B1B9-4AC9457369CB}.Debug|Any CPU.ActiveCfg = Debug|Any CPU
		{CAF1E1C4-8656-48F3-B1B9-4AC9457369CB}.Debug|Any CPU.Build.0 = Debug|Any CPU
		{CAF1E1C4-8656-48F3-B1B9-4AC9457369CB}.Release|Any CPU.ActiveCfg = Release|Any CPU
		{CAF1E1C4-8656-48F3-B1B9-4AC9457369CB}.Release|Any CPU.Build.0 = Release|Any CPU
		{7B7E98F8-B0D6-46FE-B6C8-7788638FD9AC}.Debug|Any CPU.ActiveCfg = Debug|Any CPU
		{7B7E98F8-B0D6-46FE-B6C8-7788638FD9AC}.Debug|Any CPU.Build.0 = Debug|Any CPU
		{7B7E98F8-B0D6-46FE-B6C8-7788638FD9AC}.Release|Any CPU.ActiveCfg = Release|Any CPU
		{7B7E98F8-B0D6-46FE-B6C8-7788638FD9AC}.Release|Any CPU.Build.0 = Release|Any CPU
	EndGlobalSection
	GlobalSection(SolutionProperties) = preSolution
		HideSolutionNode = FALSE
	EndGlobalSection
	GlobalSection(ExtensibilityGlobals) = postSolution
		SolutionGuid = {C776315D-8B38-4032-B3F7-F3376A20EE8A}
	EndGlobalSection
EndGlobal
